
Microsoft Visual Studio Solution File, Format Version 12.00
# Visual Studio Version 17
VisualStudioVersion = 17.3.32825.248
MinimumVisualStudioVersion = 10.0.40219.1
Project("{FAE04EC0-301F-11D3-BF4B-00C04F79EFBC}") = "AbstractOrnek", "AbstractOrnek.csproj", "{4CF73D61-0279-4BB0-B15C-F91413523CD7}"
EndProject
Global
	GlobalSection(SolutionConfigurationPlatforms) = preSolution
		Debug|Any CPU = Debug|Any CPU
		Release|Any CPU = Release|Any CPU
	EndGlobalSection
	GlobalSection(ProjectConfigurationPlatforms) = postSolution
		{4CF73D61-0279-4BB0-B15C-F91413523CD7}.Debug|Any CPU.ActiveCfg = Debug|Any CPU
		{4CF73D61-0279-4BB0-B15C-F91413523CD7}.Debug|Any CPU.Build.0 = Debug|Any CPU
		{4CF73D61-0279-4BB0-B15C-F91413523CD7}.Release|Any CPU.ActiveCfg = Release|Any CPU
		{4CF73D61-0279-4BB0-B15C-F91413523CD7}.Release|Any CPU.Build.0 = Release|Any CPU
	EndGlobalSection
	GlobalSection(SolutionProperties) = preSolution
		HideSolutionNode = FALSE
	EndGlobalSection
	GlobalSection(ExtensibilityGlobals) = postSolution
		SolutionGuid = {38E23A88-4A8A-4FF2-89C0-FBCAA0274834}
	EndGlobalSection
EndGlobal
